# THIS IS AN AUTOGENERATED FILE. DO NOT EDIT THIS FILE DIRECTLY.
# yarn lockfile v1


"@vant/weapp@^1.3.2":
  version "1.3.2"
  resolved "http://xzintl.tpddns.cn:8081/repository/npm_group/@vant/weapp/-/weapp-1.3.2.tgz#b7548447625cce17a0e9d33e4f257cee44dae5c9"
  integrity sha1-t1SER2Jczheg6dM+TyV87kTa5ck=

commander@^6.1.0:
  version "6.1.0"
  resolved "https://registry.npm.taobao.org/commander/download/commander-6.1.0.tgz?cache=0&sync_timestamp=1598576076977&other_urls=https%3A%2F%2Fregistry.npm.taobao.org%2Fcommander%2Fdownload%2Fcommander-6.1.0.tgz#f8d722b78103141006b66f4c7ba1e97315ba75bc"
  integrity sha1-+Ncit4EDFBAGtm9Me6HpcxW6dbw=

fast-deep-equal@^2.0.1:
  version "2.0.1"
  resolved "http://xzintl.tpddns.cn:8081/repository/npm_group/fast-deep-equal/-/fast-deep-equal-2.0.1.tgz#7b05218ddf9667bf7f370bf7fdb2cb15fdd0aa49"
  integrity sha1-ewUhjd+WZ79/Nwv3/bLLFf3Qqkk=

miniprogram-computed@^2.1.1:
  version "2.1.1"
  resolved "http://xzintl.tpddns.cn:8081/repository/npm_group/miniprogram-computed/-/miniprogram-computed-2.1.1.tgz#c393e967a8f6e5ee26a4205f69ae3eb9a23b7b07"
  integrity sha1-w5PpZ6j25e4mpCBfaa4+uaI7ewc=
  dependencies:
    fast-deep-equal "^2.0.1"
    rfdc "^1.1.4"

rfdc@^1.1.4:
  version "1.1.4"
  resolved "http://xzintl.tpddns.cn:8081/repository/npm_group/rfdc/-/rfdc-1.1.4.tgz#ba72cc1367a0ccd9cf81a870b3b58bd3ad07f8c2"
  integrity sha1-unLME2egzNnPgahws7WL060H+MI=

wxministore@^1.2.9:
  version "1.2.9"
  resolved "https://registry.npm.taobao.org/wxministore/download/wxministore-1.2.9.tgz#031dea4cac6ce1c9008db5c97b0351b1d6224674"
  integrity sha1-Ax3qTKxs4ckAjbXJewNRsdYiRnQ=
